
Microsoft Visual Studio Solution File, Format Version 12.00
# Visual Studio 14
VisualStudioVersion = 14.0.23107.0
MinimumVisualStudioVersion = 10.0.40219.1
Project("{8BC9CEB8-8B4A-11D0-8D11-00A0C91BC942}") = "InfiniTAM7vs15", "InfiniTAM7vs15.vcxproj", "{580A9E95-14A0-4E4C-B806-B3446B13A0EC}"
EndProject
Global
	GlobalSection(SolutionConfigurationPlatforms) = preSolution
		Debug|x64 = Debug|x64
		Debug|x86 = Debug|x86
		Release|x64 = Release|x64
		Release|x86 = Release|x86
	EndGlobalSection
	GlobalSection(ProjectConfigurationPlatforms) = postSolution
		{580A9E95-14A0-4E4C-B806-B3446B13A0EC}.Debug|x64.ActiveCfg = Debug|x64
		{580A9E95-14A0-4E4C-B806-B3446B13A0EC}.Debug|x64.Build.0 = Debug|x64
		{580A9E95-14A0-4E4C-B806-B3446B13A0EC}.Debug|x86.ActiveCfg = Debug|Win32
		{580A9E95-14A0-4E4C-B806-B3446B13A0EC}.Debug|x86.Build.0 = Debug|Win32
		{580A9E95-14A0-4E4C-B806-B3446B13A0EC}.Release|x64.ActiveCfg = Release|x64
		{580A9E95-14A0-4E4C-B806-B3446B13A0EC}.Release|x64.Build.0 = Release|x64
		{580A9E95-14A0-4E4C-B806-B3446B13A0EC}.Release|x86.ActiveCfg = Release|Win32
		{580A9E95-14A0-4E4C-B806-B3446B13A0EC}.Release|x86.Build.0 = Release|Win32
	EndGlobalSection
	GlobalSection(SolutionProperties) = preSolution
		HideSolutionNode = FALSE
	EndGlobalSection
EndGlobal
